// !$*UTF8*$!
{
	archiveVersion = 1;
	classes = {
	};
	objectVersion = 56;
	objects = {

/* Begin PBXBuildFile section */
		DDB0DF1029A91BA5007F2DE8 /* sesimisuyanvarm_App.swift in Sources */ = {isa = PBXBuildFile; fileRef = DDB0DF0F29A91BA5007F2DE8 /* sesimisuyanvarm_App.swift */; };
		DDB0DF1229A91BA5007F2DE8 /* ContentView.swift in Sources */ = {isa = PBXBuildFile; fileRef = DDB0DF1129A91BA5007F2DE8 /* ContentView.swift */; };
		DDB0DF1429A91BA6007F2DE8 /* Assets.xcassets in Resources */ = {isa = PBXBuildFile; fileRef = DDB0DF1329A91BA6007F2DE8 /* Assets.xcassets */; };
		DDB0DF1729A91BA6007F2DE8 /* Preview Assets.xcassets in Resources */ = {isa = PBXBuildFile; fileRef = DDB0DF1629A91BA6007F2DE8 /* Preview Assets.xcassets */; };
		DDB0DF2129A91BA7007F2DE8 /* sesimisuyanvarm_Tests.swift in Sources */ = {isa = PBXBuildFile; fileRef = DDB0DF2029A91BA7007F2DE8 /* sesimisuyanvarm_Tests.swift */; };
		DDB0DF2B29A91BA7007F2DE8 /* sesimisuyanvarm_UITests.swift in Sources */ = {isa = PBXBuildFile; fileRef = DDB0DF2A29A91BA7007F2DE8 /* sesimisuyanvarm_UITests.swift */; };
		DDB0DF2D29A91BA7007F2DE8 /* sesimisuyanvarm_UITestsLaunchTests.swift in Sources */ = {isa = PBXBuildFile; fileRef = DDB0DF2C29A91BA7007F2DE8 /* sesimisuyanvarm_UITestsLaunchTests.swift */; };
/* End PBXBuildFile section */

/* Begin PBXContainerItemProxy section */
		DDB0DF1D29A91BA7007F2DE8 /* PBXContainerItemProxy */ = {
			isa = PBXContainerItemProxy;
			containerPortal = DDB0DF0429A91BA5007F2DE8 /* Project object */;
			proxyType = 1;
			remoteGlobalIDString = DDB0DF0B29A91BA5007F2DE8;
			remoteInfo = "sesimisuyanvarmı";
		};
		DDB0DF2729A91BA7007F2DE8 /* PBXContainerItemProxy */ = {
			isa = PBXContainerItemProxy;
			containerPortal = DDB0DF0429A91BA5007F2DE8 /* Project object */;
			proxyType = 1;
			remoteGlobalIDString = DDB0DF0B29A91BA5007F2DE8;
			remoteInfo = "sesimisuyanvarmı";
		};
/* End PBXContainerItemProxy section */

/* Begin PBXFileReference section */
		DDB0DF0C29A91BA5007F2DE8 /* sesimisuyanvarmı.app */ = {isa = PBXFileReference; explicitFileType = wrapper.application; includeInIndex = 0; path = "sesimisuyanvarmı.app"; sourceTree = BUILT_PRODUCTS_DIR; };
		DDB0DF0F29A91BA5007F2DE8 /* sesimisuyanvarm_App.swift */ = {isa = PBXFileReference; lastKnownFileType = sourcecode.swift; path = sesimisuyanvarm_App.swift; sourceTree = "<group>"; };
		DDB0DF1129A91BA5007F2DE8 /* ContentView.swift */ = {isa = PBXFileReference; lastKnownFileType = sourcecode.swift; path = ContentView.swift; sourceTree = "<group>"; };
		DDB0DF1329A91BA6007F2DE8 /* Assets.xcassets */ = {isa = PBXFileReference; lastKnownFileType = folder.assetcatalog; path = Assets.xcassets; sourceTree = "<group>"; };
		DDB0DF1629A91BA6007F2DE8 /* Preview Assets.xcassets */ = {isa = PBXFileReference; lastKnownFileType = folder.assetcatalog; path = "Preview Assets.xcassets"; sourceTree = "<group>"; };
		DDB0DF1C29A91BA7007F2DE8 /* sesimisuyanvarmıTests.xctest */ = {isa = PBXFileReference; explicitFileType = wrapper.cfbundle; includeInIndex = 0; path = "sesimisuyanvarmıTests.xctest"; sourceTree = BUILT_PRODUCTS_DIR; };
		DDB0DF2029A91BA7007F2DE8 /* sesimisuyanvarm_Tests.swift */ = {isa = PBXFileReference; lastKnownFileType = sourcecode.swift; path = sesimisuyanvarm_Tests.swift; sourceTree = "<group>"; };
		DDB0DF2629A91BA7007F2DE8 /* sesimisuyanvarmıUITests.xctest */ = {isa = PBXFileReference; explicitFileType = wrapper.cfbundle; includeInIndex = 0; path = "sesimisuyanvarmıUITests.xctest"; sourceTree = BUILT_PRODUCTS_DIR; };
		DDB0DF2A29A91BA7007F2DE8 /* sesimisuyanvarm_UITests.swift */ = {isa = PBXFileReference; lastKnownFileType = sourcecode.swift; path = sesimisuyanvarm_UITests.swift; sourceTree = "<group>"; };
		DDB0DF2C29A91BA7007F2DE8 /* sesimisuyanvarm_UITestsLaunchTests.swift */ = {isa = PBXFileReference; lastKnownFileType = sourcecode.swift; path = sesimisuyanvarm_UITestsLaunchTests.swift; sourceTree = "<group>"; };
/* End PBXFileReference section */

/* Begin PBXFrameworksBuildPhase section */
		DDB0DF0929A91BA5007F2DE8 /* Frameworks */ = {
			isa = PBXFrameworksBuildPhase;
			buildActionMask = 2147483647;
			files = (
			);
			runOnlyForDeploymentPostprocessing = 0;
		};
		DDB0DF1929A91BA7007F2DE8 /* Frameworks */ = {
			isa = PBXFrameworksBuildPhase;
			buildActionMask = 2147483647;
			files = (
			);
			runOnlyForDeploymentPostprocessing = 0;
		};
		DDB0DF2329A91BA7007F2DE8 /* Frameworks */ = {
			isa = PBXFrameworksBuildPhase;
			buildActionMask = 2147483647;
			files = (
			);
			runOnlyForDeploymentPostprocessing = 0;
		};
/* End PBXFrameworksBuildPhase section */

/* Begin PBXGroup section */
		DDB0DF0329A91BA5007F2DE8 = {
			isa = PBXGroup;
			children = (
				DDB0DF0E29A91BA5007F2DE8 /* sesimisuyanvarmı */,
				DDB0DF1F29A91BA7007F2DE8 /* sesimisuyanvarmıTests */,
				DDB0DF2929A91BA7007F2DE8 /* sesimisuyanvarmıUITests */,
				DDB0DF0D29A91BA5007F2DE8 /* Products */,
			);
			sourceTree = "<group>";
		};
		DDB0DF0D29A91BA5007F2DE8 /* Products */ = {
			isa = PBXGroup;
			children = (
				DDB0DF0C29A91BA5007F2DE8 /* sesimisuyanvarmı.app */,
				DDB0DF1C29A91BA7007F2DE8 /* sesimisuyanvarmıTests.xctest */,
				DDB0DF2629A91BA7007F2DE8 /* sesimisuyanvarmıUITests.xctest */,
			);
			name = Products;
			sourceTree = "<group>";
		};
		DDB0DF0E29A91BA5007F2DE8 /* sesimisuyanvarmı */ = {
			isa = PBXGroup;
			children = (
				DDB0DF0F29A91BA5007F2DE8 /* sesimisuyanvarm_App.swift */,
				DDB0DF1129A91BA5007F2DE8 /* ContentView.swift */,
				DDB0DF1329A91BA6007F2DE8 /* Assets.xcassets */,
				DDB0DF1529A91BA6007F2DE8 /* Preview Content */,
			);
			path = "sesimisuyanvarmı";
			sourceTree = "<group>";
		};
		DDB0DF1529A91BA6007F2DE8 /* Preview Content */ = {
			isa = PBXGroup;
			children = (
				DDB0DF1629A91BA6007F2DE8 /* Preview Assets.xcassets */,
			);
			path = "Preview Content";
			sourceTree = "<group>";
		};
		DDB0DF1F29A91BA7007F2DE8 /* sesimisuyanvarmıTests */ = {
			isa = PBXGroup;
			children = (
				DDB0DF2029A91BA7007F2DE8 /* sesimisuyanvarm_Tests.swift */,
			);
			path = "sesimisuyanvarmıTests";
			sourceTree = "<group>";
		};
		DDB0DF2929A91BA7007F2DE8 /* sesimisuyanvarmıUITests */ = {
			isa = PBXGroup;
			children = (
				DDB0DF2A29A91BA7007F2DE8 /* sesimisuyanvarm_UITests.swift */,
				DDB0DF2C29A91BA7007F2DE8 /* sesimisuyanvarm_UITestsLaunchTests.swift */,
			);
			path = "sesimisuyanvarmıUITests";
			sourceTree = "<group>";
		};
/* End PBXGroup section */

/* Begin PBXNativeTarget section */
		DDB0DF0B29A91BA5007F2DE8 /* sesimisuyanvarmı */ = {
			isa = PBXNativeTarget;
			buildConfigurationList = DDB0DF3029A91BA7007F2DE8 /* Build configuration list for PBXNativeTarget "sesimisuyanvarmı" */;
			buildPhases = (
				DDB0DF0829A91BA5007F2DE8 /* Sources */,
				DDB0DF0929A91BA5007F2DE8 /* Frameworks */,
				DDB0DF0A29A91BA5007F2DE8 /* Resources */,
			);
			buildRules = (
			);
			dependencies = (
			);
			name = "sesimisuyanvarmı";
			productName = "sesimisuyanvarmı";
			productReference = DDB0DF0C29A91BA5007F2DE8 /* sesimisuyanvarmı.app */;
			productType = "com.apple.product-type.application";
		};
		DDB0DF1B29A91BA7007F2DE8 /* sesimisuyanvarmıTests */ = {
			isa = PBXNativeTarget;
			buildConfigurationList = DDB0DF3329A91BA7007F2DE8 /* Build configuration list for PBXNativeTarget "sesimisuyanvarmıTests" */;
			buildPhases = (
				DDB0DF1829A91BA7007F2DE8 /* Sources */,
				DDB0DF1929A91BA7007F2DE8 /* Frameworks */,
				DDB0DF1A29A91BA7007F2DE8 /* Resources */,
			);
			buildRules = (
			);
			dependencies = (
				DDB0DF1E29A91BA7007F2DE8 /* PBXTargetDependency */,
			);
			name = "sesimisuyanvarmıTests";
			productName = "sesimisuyanvarmıTests";
			productReference = DDB0DF1C29A91BA7007F2DE8 /* sesimisuyanvarmıTests.xctest */;
			productType = "com.apple.product-type.bundle.unit-test";
		};
		DDB0DF2529A91BA7007F2DE8 /* sesimisuyanvarmıUITests */ = {
			isa = PBXNativeTarget;
			buildConfigurationList = DDB0DF3629A91BA7007F2DE8 /* Build configuration list for PBXNativeTarget "sesimisuyanvarmıUITests" */;
			buildPhases = (
				DDB0DF2229A91BA7007F2DE8 /* Sources */,
				DDB0DF2329A91BA7007F2DE8 /* Frameworks */,
				DDB0DF2429A91BA7007F2DE8 /* Resources */,
			);
			buildRules = (
			);
			dependencies = (
				DDB0DF2829A91BA7007F2DE8 /* PBXTargetDependency */,
			);
			name = "sesimisuyanvarmıUITests";
			productName = "sesimisuyanvarmıUITests";
			productReference = DDB0DF2629A91BA7007F2DE8 /* sesimisuyanvarmıUITests.xctest */;
			productType = "com.apple.product-type.bundle.ui-testing";
		};
/* End PBXNativeTarget section */

/* Begin PBXProject section */
		DDB0DF0429A91BA5007F2DE8 /* Project object */ = {
			isa = PBXProject;
			attributes = {
				BuildIndependentTargetsInParallel = 1;
				LastSwiftUpdateCheck = 1420;
				LastUpgradeCheck = 1420;
				TargetAttributes = {
					DDB0DF0B29A91BA5007F2DE8 = {
						CreatedOnToolsVersion = 14.2;
					};
					DDB0DF1B29A91BA7007F2DE8 = {
						CreatedOnToolsVersion = 14.2;
						TestTargetID = DDB0DF0B29A91BA5007F2DE8;
					};
					DDB0DF2529A91BA7007F2DE8 = {
						CreatedOnToolsVersion = 14.2;
						TestTargetID = DDB0DF0B29A91BA5007F2DE8;
					};
				};
			};
			buildConfigurationList = DDB0DF0729A91BA5007F2DE8 /* Build configuration list for PBXProject "sesimisuyanvarmı" */;
			compatibilityVersion = "Xcode 14.0";
			developmentRegion = en;
			hasScannedForEncodings = 0;
			knownRegions = (
				en,
				Base,
			);
			mainGroup = DDB0DF0329A91BA5007F2DE8;
			productRefGroup = DDB0DF0D29A91BA5007F2DE8 /* Products */;
			projectDirPath = "";
			projectRoot = "";
			targets = (
				DDB0DF0B29A91BA5007F2DE8 /* sesimisuyanvarmı */,
				DDB0DF1B29A91BA7007F2DE8 /* sesimisuyanvarmıTests */,
				DDB0DF2529A91BA7007F2DE8 /* sesimisuyanvarmıUITests */,
			);
		};
/* End PBXProject section */

/* Begin PBXResourcesBuildPhase section */
		DDB0DF0A29A91BA5007F2DE8 /* Resources */ = {
			isa = PBXResourcesBuildPhase;
			buildActionMask = 2147483647;
			files = (
				DDB0DF1729A91BA6007F2DE8 /* Preview Assets.xcassets in Resources */,
				DDB0DF1429A91BA6007F2DE8 /* Assets.xcassets in Resources */,
			);
			runOnlyForDeploymentPostprocessing = 0;
		};
		DDB0DF1A29A91BA7007F2DE8 /* Resources */ = {
			isa = PBXResourcesBuildPhase;
			buildActionMask = 2147483647;
			files = (
			);
			runOnlyForDeploymentPostprocessing = 0;
		};
		DDB0DF2429A91BA7007F2DE8 /* Resources */ = {
			isa = PBXResourcesBuildPhase;
			buildActionMask = 2147483647;
			files = (
			);
			runOnlyForDeploymentPostprocessing = 0;
		};
/* End PBXResourcesBuildPhase section */

/* Begin PBXSourcesBuildPhase section */
		DDB0DF0829A91BA5007F2DE8 /* Sources */ = {
			isa = PBXSourcesBuildPhase;
			buildActionMask = 2147483647;
			files = (
				DDB0DF1229A91BA5007F2DE8 /* ContentView.swift in Sources */,
				DDB0DF1029A91BA5007F2DE8 /* sesimisuyanvarm_App.swift in Sources */,
			);
			runOnlyForDeploymentPostprocessing = 0;
		};
		DDB0DF1829A91BA7007F2DE8 /* Sources */ = {
			isa = PBXSourcesBuildPhase;
			buildActionMask = 2147483647;
			files = (
				DDB0DF2129A91BA7007F2DE8 /* sesimisuyanvarm_Tests.swift in Sources */,
			);
			runOnlyForDeploymentPostprocessing = 0;
		};
		DDB0DF2229A91BA7007F2DE8 /* Sources */ = {
			isa = PBXSourcesBuildPhase;
			buildActionMask = 2147483647;
			files = (
				DDB0DF2B29A91BA7007F2DE8 /* sesimisuyanvarm_UITests.swift in Sources */,
				DDB0DF2D29A91BA7007F2DE8 /* sesimisuyanvarm_UITestsLaunchTests.swift in Sources */,
			);
			runOnlyForDeploymentPostprocessing = 0;
		};
/* End PBXSourcesBuildPhase section */

/* Begin PBXTargetDependency section */
		DDB0DF1E29A91BA7007F2DE8 /* PBXTargetDependency */ = {
			isa = PBXTargetDependency;
			target = DDB0DF0B29A91BA5007F2DE8 /* sesimisuyanvarmı */;
			targetProxy = DDB0DF1D29A91BA7007F2DE8 /* PBXContainerItemProxy */;
		};
		DDB0DF2829A91BA7007F2DE8 /* PBXTargetDependency */ = {
			isa = PBXTargetDependency;
			target = DDB0DF0B29A91BA5007F2DE8 /* sesimisuyanvarmı */;
			targetProxy = DDB0DF2729A91BA7007F2DE8 /* PBXContainerItemProxy */;
		};
/* End PBXTargetDependency section */

/* Begin XCBuildConfiguration section */
		DDB0DF2E29A91BA7007F2DE8 /* Debug */ = {
			isa = XCBuildConfiguration;
			buildSettings = {
				ALWAYS_SEARCH_USER_PATHS = NO;
				CLANG_ANALYZER_NONNULL = YES;
				CLANG_ANALYZER_NUMBER_OBJECT_CONVERSION = YES_AGGRESSIVE;
				CLANG_CXX_LANGUAGE_STANDARD = "gnu++20";
				CLANG_ENABLE_MODULES = YES;
				CLANG_ENABLE_OBJC_ARC = YES;
				CLANG_ENABLE_OBJC_WEAK = YES;
				CLANG_WARN_BLOCK_CAPTURE_AUTORELEASING = YES;
				CLANG_WARN_BOOL_CONVERSION = YES;
				CLANG_WARN_COMMA = YES;
				CLANG_WARN_CONSTANT_CONVERSION = YES;
				CLANG_WARN_DEPRECATED_OBJC_IMPLEMENTATIONS = YES;
				CLANG_WARN_DIRECT_OBJC_ISA_USAGE = YES_ERROR;
				CLANG_WARN_DOCUMENTATION_COMMENTS = YES;
				CLANG_WARN_EMPTY_BODY = YES;
				CLANG_WARN_ENUM_CONVERSION = YES;
				CLANG_WARN_INFINITE_RECURSION = YES;
				CLANG_WARN_INT_CONVERSION = YES;
				CLANG_WARN_NON_LITERAL_NULL_CONVERSION = YES;
				CLANG_WARN_OBJC_IMPLICIT_RETAIN_SELF = YES;
				CLANG_WARN_OBJC_LITERAL_CONVERSION = YES;
				CLANG_WARN_OBJC_ROOT_CLASS = YES_ERROR;
				CLANG_WARN_QUOTED_INCLUDE_IN_FRAMEWORK_HEADER = YES;
				CLANG_WARN_RANGE_LOOP_ANALYSIS = YES;
				CLANG_WARN_STRICT_PROTOTYPES = YES;
				CLANG_WARN_SUSPICIOUS_MOVE = YES;
				CLANG_WARN_UNGUARDED_AVAILABILITY = YES_AGGRESSIVE;
				CLANG_WARN_UNREACHABLE_CODE = YES;
				CLANG_WARN__DUPLICATE_METHOD_MATCH = YES;
				COPY_PHASE_STRIP = NO;
				DEBUG_INFORMATION_FORMAT = dwarf;
				ENABLE_STRICT_OBJC_MSGSEND = YES;
				ENABLE_TESTABILITY = YES;
				GCC_C_LANGUAGE_STANDARD = gnu11;
				GCC_DYNAMIC_NO_PIC = NO;
				GCC_NO_COMMON_BLOCKS = YES;
				GCC_OPTIMIZATION_LEVEL = 0;
				GCC_PREPROCESSOR_DEFINITIONS = (
					"DEBUG=1",
					"$(inherited)",
				);
				GCC_WARN_64_TO_32_BIT_CONVERSION = YES;
				GCC_WARN_ABOUT_RETURN_TYPE = YES_ERROR;
				GCC_WARN_UNDECLARED_SELECTOR = YES;
				GCC_WARN_UNINITIALIZED_AUTOS = YES_AGGRESSIVE;
				GCC_WARN_UNUSED_FUNCTION = YES;
				GCC_WARN_UNUSED_VARIABLE = YES;
				IPHONEOS_DEPLOYMENT_TARGET = 16.2;
				MTL_ENABLE_DEBUG_INFO = INCLUDE_SOURCE;
				MTL_FAST_MATH = YES;
				ONLY_ACTIVE_ARCH = YES;
				SDKROOT = iphoneos;
				SWIFT_ACTIVE_COMPILATION_CONDITIONS = DEBUG;
				SWIFT_OPTIMIZATION_LEVEL = "-Onone";
			};
			name = Debug;
		};
		DDB0DF2F29A91BA7007F2DE8 /* Release */ = {
			isa = XCBuildConfiguration;
			buildSettings = {
				ALWAYS_SEARCH_USER_PATHS = NO;
				CLANG_ANALYZER_NONNULL = YES;
				CLANG_ANALYZER_NUMBER_OBJECT_CONVERSION = YES_AGGRESSIVE;
				CLANG_CXX_LANGUAGE_STANDARD = "gnu++20";
				CLANG_ENABLE_MODULES = YES;
				CLANG_ENABLE_OBJC_ARC = YES;
				CLANG_ENABLE_OBJC_WEAK = YES;
				CLANG_WARN_BLOCK_CAPTURE_AUTORELEASING = YES;
				CLANG_WARN_BOOL_CONVERSION = YES;
				CLANG_WARN_COMMA = YES;
				CLANG_WARN_CONSTANT_CONVERSION = YES;
				CLANG_WARN_DEPRECATED_OBJC_IMPLEMENTATIONS = YES;
				CLANG_WARN_DIRECT_OBJC_ISA_USAGE = YES_ERROR;
				CLANG_WARN_DOCUMENTATION_COMMENTS = YES;
				CLANG_WARN_EMPTY_BODY = YES;
				CLANG_WARN_ENUM_CONVERSION = YES;
				CLANG_WARN_INFINITE_RECURSION = YES;
				CLANG_WARN_INT_CONVERSION = YES;
				CLANG_WARN_NON_LITERAL_NULL_CONVERSION = YES;
				CLANG_WARN_OBJC_IMPLICIT_RETAIN_SELF = YES;
				CLANG_WARN_OBJC_LITERAL_CONVERSION = YES;
				CLANG_WARN_OBJC_ROOT_CLASS = YES_ERROR;
				CLANG_WARN_QUOTED_INCLUDE_IN_FRAMEWORK_HEADER = YES;
				CLANG_WARN_RANGE_LOOP_ANALYSIS = YES;
				CLANG_WARN_STRICT_PROTOTYPES = YES;
				CLANG_WARN_SUSPICIOUS_MOVE = YES;
				CLANG_WARN_UNGUARDED_AVAILABILITY = YES_AGGRESSIVE;
				CLANG_WARN_UNREACHABLE_CODE = YES;
				CLANG_WARN__DUPLICATE_METHOD_MATCH = YES;
				COPY_PHASE_STRIP = NO;
				DEBUG_INFORMATION_FORMAT = "dwarf-with-dsym";
				ENABLE_NS_ASSERTIONS = NO;
				ENABLE_STRICT_OBJC_MSGSEND = YES;
				GCC_C_LANGUAGE_STANDARD = gnu11;
				GCC_NO_COMMON_BLOCKS = YES;
				GCC_WARN_64_TO_32_BIT_CONVERSION = YES;
				GCC_WARN_ABOUT_RETURN_TYPE = YES_ERROR;
				GCC_WARN_UNDECLARED_SELECTOR = YES;
				GCC_WARN_UNINITIALIZED_AUTOS = YES_AGGRESSIVE;
				GCC_WARN_UNUSED_FUNCTION = YES;
				GCC_WARN_UNUSED_VARIABLE = YES;
				IPHONEOS_DEPLOYMENT_TARGET = 16.2;
				MTL_ENABLE_DEBUG_INFO = NO;
				MTL_FAST_MATH = YES;
				SDKROOT = iphoneos;
				SWIFT_COMPILATION_MODE = wholemodule;
				SWIFT_OPTIMIZATION_LEVEL = "-O";
				VALIDATE_PRODUCT = YES;
			};
			name = Release;
		};
		DDB0DF3129A91BA7007F2DE8 /* Debug */ = {
			isa = XCBuildConfiguration;
			buildSettings = {
				ASSETCATALOG_COMPILER_APPICON_NAME = AppIcon;
				ASSETCATALOG_COMPILER_GLOBAL_ACCENT_COLOR_NAME = AccentColor;
				CODE_SIGN_STYLE = Automatic;
				CURRENT_PROJECT_VERSION = 1;
				DEVELOPMENT_ASSET_PATHS = "\"sesimisuyanvarmı/Preview Content\"";
				ENABLE_PREVIEWS = YES;
				GENERATE_INFOPLIST_FILE = YES;
				INFOPLIST_KEY_UIApplicationSceneManifest_Generation = YES;
				INFOPLIST_KEY_UIApplicationSupportsIndirectInputEvents = YES;
				INFOPLIST_KEY_UILaunchScreen_Generation = YES;
				INFOPLIST_KEY_UISupportedInterfaceOrientations_iPad = "UIInterfaceOrientationPortrait UIInterfaceOrientationPortraitUpsideDown UIInterfaceOrientationLandscapeLeft UIInterfaceOrientationLandscapeRight";
				INFOPLIST_KEY_UISupportedInterfaceOrientations_iPhone = "UIInterfaceOrientationPortrait UIInterfaceOrientationLandscapeLeft UIInterfaceOrientationLandscapeRight";
				LD_RUNPATH_SEARCH_PATHS = (
					"$(inherited)",
					"@executable_path/Frameworks",
				);
				MARKETING_VERSION = 1.0;
				PRODUCT_BUNDLE_IDENTIFIER = "dene.sesimisuyanvarm-";
				PRODUCT_NAME = "$(TARGET_NAME)";
				SWIFT_EMIT_LOC_STRINGS = YES;
				SWIFT_VERSION = 5.0;
				TARGETED_DEVICE_FAMILY = "1,2";
			};
			name = Debug;
		};
		DDB0DF3229A91BA7007F2DE8 /* Release */ = {
			isa = XCBuildConfiguration;
			buildSettings = {
				ASSETCATALOG_COMPILER_APPICON_NAME = AppIcon;
				ASSETCATALOG_COMPILER_GLOBAL_ACCENT_COLOR_NAME = AccentColor;
				CODE_SIGN_STYLE = Automatic;
				CURRENT_PROJECT_VERSION = 1;
				DEVELOPMENT_ASSET_PATHS = "\"sesimisuyanvarmı/Preview Content\"";
				ENABLE_PREVIEWS = YES;
				GENERATE_INFOPLIST_FILE = YES;
				INFOPLIST_KEY_UIApplicationSceneManifest_Generation = YES;
				INFOPLIST_KEY_UIApplicationSupportsIndirectInputEvents = YES;
				INFOPLIST_KEY_UILaunchScreen_Generation = YES;
				INFOPLIST_KEY_UISupportedInterfaceOrientations_iPad = "UIInterfaceOrientationPortrait UIInterfaceOrientationPortraitUpsideDown UIInterfaceOrientationLandscapeLeft UIInterfaceOrientationLandscapeRight";
				INFOPLIST_KEY_UISupportedInterfaceOrientations_iPhone = "UIInterfaceOrientationPortrait UIInterfaceOrientationLandscapeLeft UIInterfaceOrientationLandscapeRight";
				LD_RUNPATH_SEARCH_PATHS = (
					"$(inherited)",
					"@executable_path/Frameworks",
				);
				MARKETING_VERSION = 1.0;
				PRODUCT_BUNDLE_IDENTIFIER = "dene.sesimisuyanvarm-";
				PRODUCT_NAME = "$(TARGET_NAME)";
				SWIFT_EMIT_LOC_STRINGS = YES;
				SWIFT_VERSION = 5.0;
				TARGETED_DEVICE_FAMILY = "1,2";
			};
			name = Release;
		};
		DDB0DF3429A91BA7007F2DE8 /* Debug */ = {
			isa = XCBuildConfiguration;
			buildSettings = {
				ALWAYS_EMBED_SWIFT_STANDARD_LIBRARIES = YES;
				BUNDLE_LOADER = "$(TEST_HOST)";
				CODE_SIGN_STYLE = Automatic;
				CURRENT_PROJECT_VERSION = 1;
				GENERATE_INFOPLIST_FILE = YES;
				IPHONEOS_DEPLOYMENT_TARGET = 16.2;
				MARKETING_VERSION = 1.0;
				PRODUCT_BUNDLE_IDENTIFIER = "dene.sesimisuyanvarm-Tests";
				PRODUCT_NAME = "$(TARGET_NAME)";
				SWIFT_EMIT_LOC_STRINGS = NO;
				SWIFT_VERSION = 5.0;
				TARGETED_DEVICE_FAMILY = "1,2";
				TEST_HOST = "$(BUILT_PRODUCTS_DIR)/sesimisuyanvarmı.app/$(BUNDLE_EXECUTABLE_FOLDER_PATH)/sesimisuyanvarmı";
			};
			name = Debug;
		};
		DDB0DF3529A91BA7007F2DE8 /* Release */ = {
			isa = XCBuildConfiguration;
			buildSettings = {
				ALWAYS_EMBED_SWIFT_STANDARD_LIBRARIES = YES;
				BUNDLE_LOADER = "$(TEST_HOST)";
				CODE_SIGN_STYLE = Automatic;
				CURRENT_PROJECT_VERSION = 1;
				GENERATE_INFOPLIST_FILE = YES;
				IPHONEOS_DEPLOYMENT_TARGET = 16.2;
				MARKETING_VERSION = 1.0;
				PRODUCT_BUNDLE_IDENTIFIER = "dene.sesimisuyanvarm-Tests";
				PRODUCT_NAME = "$(TARGET_NAME)";
				SWIFT_EMIT_LOC_STRINGS = NO;
				SWIFT_VERSION = 5.0;
				TARGETED_DEVICE_FAMILY = "1,2";
				TEST_HOST = "$(BUILT_PRODUCTS_DIR)/sesimisuyanvarmı.app/$(BUNDLE_EXECUTABLE_FOLDER_PATH)/sesimisuyanvarmı";
			};
			name = Release;
		};
		DDB0DF3729A91BA7007F2DE8 /* Debug */ = {
			isa = XCBuildConfiguration;
			buildSettings = {
				ALWAYS_EMBED_SWIFT_STANDARD_LIBRARIES = YES;
				CODE_SIGN_STYLE = Automatic;
				CURRENT_PROJECT_VERSION = 1;
				GENERATE_INFOPLIST_FILE = YES;
				MARKETING_VERSION = 1.0;
				PRODUCT_BUNDLE_IDENTIFIER = "dene.sesimisuyanvarm-UITests";
				PRODUCT_NAME = "$(TARGET_NAME)";
				SWIFT_EMIT_LOC_STRINGS = NO;
				SWIFT_VERSION = 5.0;
				TARGETED_DEVICE_FAMILY = "1,2";
				TEST_TARGET_NAME = "sesimisuyanvarmı";
			};
			name = Debug;
		};
		DDB0DF3829A91BA7007F2DE8 /* Release */ = {
			isa = XCBuildConfiguration;
			buildSettings = {
				ALWAYS_EMBED_SWIFT_STANDARD_LIBRARIES = YES;
				CODE_SIGN_STYLE = Automatic;
				CURRENT_PROJECT_VERSION = 1;
				GENERATE_INFOPLIST_FILE = YES;
				MARKETING_VERSION = 1.0;
				PRODUCT_BUNDLE_IDENTIFIER = "dene.sesimisuyanvarm-UITests";
				PRODUCT_NAME = "$(TARGET_NAME)";
				SWIFT_EMIT_LOC_STRINGS = NO;
				SWIFT_VERSION = 5.0;
				TARGETED_DEVICE_FAMILY = "1,2";
				TEST_TARGET_NAME = "sesimisuyanvarmı";
			};
			name = Release;
		};
/* End XCBuildConfiguration section */

/* Begin XCConfigurationList section */
		DDB0DF0729A91BA5007F2DE8 /* Build configuration list for PBXProject "sesimisuyanvarmı" */ = {
			isa = XCConfigurationList;
			buildConfigurations = (
				DDB0DF2E29A91BA7007F2DE8 /* Debug */,
				DDB0DF2F29A91BA7007F2DE8 /* Release */,
			);
			defaultConfigurationIsVisible = 0;
			defaultConfigurationName = Release;
		};
		DDB0DF3029A91BA7007F2DE8 /* Build configuration list for PBXNativeTarget "sesimisuyanvarmı" */ = {
			isa = XCConfigurationList;
			buildConfigurations = (
				DDB0DF3129A91BA7007F2DE8 /* Debug */,
				DDB0DF3229A91BA7007F2DE8 /* Release */,
			);
			defaultConfigurationIsVisible = 0;
			defaultConfigurationName = Release;
		};
		DDB0DF3329A91BA7007F2DE8 /* Build configuration list for PBXNativeTarget "sesimisuyanvarmıTests" */ = {
			isa = XCConfigurationList;
			buildConfigurations = (
				DDB0DF3429A91BA7007F2DE8 /* Debug */,
				DDB0DF3529A91BA7007F2DE8 /* Release */,
			);
			defaultConfigurationIsVisible = 0;
			defaultConfigurationName = Release;
		};
		DDB0DF3629A91BA7007F2DE8 /* Build configuration list for PBXNativeTarget "sesimisuyanvarmıUITests" */ = {
			isa = XCConfigurationList;
			buildConfigurations = (
				DDB0DF3729A91BA7007F2DE8 /* Debug */,
				DDB0DF3829A91BA7007F2DE8 /* Release */,
			);
			defaultConfigurationIsVisible = 0;
			defaultConfigurationName = Release;
		};
/* End XCConfigurationList section */
	};
	rootObject = DDB0DF0429A91BA5007F2DE8 /* Project object */;
}
